// !$*UTF8*$!
{
	archiveVersion = 1;
	classes = {
	};
	objectVersion = 46;
	objects = {

/* Begin PBXBuildFile section */
		22AADFC018F6C168008D78C4 /* Foundation.framework in Frameworks */ = {isa = PBXBuildFile; fileRef = 22AADFBF18F6C168008D78C4 /* Foundation.framework */; };
		22AADFC218F6C168008D78C4 /* CoreGraphics.framework in Frameworks */ = {isa = PBXBuildFile; fileRef = 22AADFC118F6C168008D78C4 /* CoreGraphics.framework */; };
		22AADFC418F6C168008D78C4 /* UIKit.framework in Frameworks */ = {isa = PBXBuildFile; fileRef = 22AADFC318F6C168008D78C4 /* UIKit.framework */; };
		22AADFC618F6C168008D78C4 /* CoreData.framework in Frameworks */ = {isa = PBXBuildFile; fileRef = 22AADFC518F6C168008D78C4 /* CoreData.framework */; };
		22AADFCC18F6C168008D78C4 /* InfoPlist.strings in Resources */ = {isa = PBXBuildFile; fileRef = 22AADFCA18F6C168008D78C4 /* InfoPlist.strings */; };
		22AADFCE18F6C168008D78C4 /* main.m in Sources */ = {isa = PBXBuildFile; fileRef = 22AADFCD18F6C168008D78C4 /* main.m */; };
		22AADFD218F6C168008D78C4 /* MyStoreAppDelegate.m in Sources */ = {isa = PBXBuildFile; fileRef = 22AADFD118F6C168008D78C4 /* MyStoreAppDelegate.m */; };
		22AADFD518F6C168008D78C4 /* MyStore.xcdatamodeld in Sources */ = {isa = PBXBuildFile; fileRef = 22AADFD318F6C168008D78C4 /* MyStore.xcdatamodeld */; };
		22AADFD718F6C168008D78C4 /* Images.xcassets in Resources */ = {isa = PBXBuildFile; fileRef = 22AADFD618F6C168008D78C4 /* Images.xcassets */; };
		22AADFDE18F6C168008D78C4 /* XCTest.framework in Frameworks */ = {isa = PBXBuildFile; fileRef = 22AADFDD18F6C168008D78C4 /* XCTest.framework */; };
		22AADFDF18F6C168008D78C4 /* Foundation.framework in Frameworks */ = {isa = PBXBuildFile; fileRef = 22AADFBF18F6C168008D78C4 /* Foundation.framework */; };
		22AADFE018F6C168008D78C4 /* UIKit.framework in Frameworks */ = {isa = PBXBuildFile; fileRef = 22AADFC318F6C168008D78C4 /* UIKit.framework */; };
		22AADFE118F6C168008D78C4 /* CoreData.framework in Frameworks */ = {isa = PBXBuildFile; fileRef = 22AADFC518F6C168008D78C4 /* CoreData.framework */; };
		22AADFE918F6C168008D78C4 /* InfoPlist.strings in Resources */ = {isa = PBXBuildFile; fileRef = 22AADFE718F6C168008D78C4 /* InfoPlist.strings */; };
		22AADFEB18F6C168008D78C4 /* MyStoreTests.m in Sources */ = {isa = PBXBuildFile; fileRef = 22AADFEA18F6C168008D78C4 /* MyStoreTests.m */; };
		22AADFF518F6C349008D78C4 /* Main.storyboard in Resources */ = {isa = PBXBuildFile; fileRef = 22AADFF418F6C349008D78C4 /* Main.storyboard */; };
		22AADFFB18F6E79E008D78C4 /* DeviceTableViewController.m in Sources */ = {isa = PBXBuildFile; fileRef = 22AADFFA18F6E79E008D78C4 /* DeviceTableViewController.m */; };
		22AADFFE18F6E9DD008D78C4 /* DeviceDetailViewController.m in Sources */ = {isa = PBXBuildFile; fileRef = 22AADFFD18F6E9DD008D78C4 /* DeviceDetailViewController.m */; };
/* End PBXBuildFile section */

/* Begin PBXContainerItemProxy section */
		22AADFE218F6C168008D78C4 /* PBXContainerItemProxy */ = {
			isa = PBXContainerItemProxy;
			containerPortal = 22AADFB418F6C167008D78C4 /* Project object */;
			proxyType = 1;
			remoteGlobalIDString = 22AADFBB18F6C168008D78C4;
			remoteInfo = MyStore;
		};
/* End PBXContainerItemProxy section */

/* Begin PBXFileReference section */
		22AADFBC18F6C168008D78C4 /* MyStore.app */ = {isa = PBXFileReference; explicitFileType = wrapper.application; includeInIndex = 0; path = MyStore.app; sourceTree = BUILT_PRODUCTS_DIR; };
		22AADFBF18F6C168008D78C4 /* Foundation.framework */ = {isa = PBXFileReference; lastKnownFileType = wrapper.framework; name = Foundation.framework; path = System/Library/Frameworks/Foundation.framework; sourceTree = SDKROOT; };
		22AADFC118F6C168008D78C4 /* CoreGraphics.framework */ = {isa = PBXFileReference; lastKnownFileType = wrapper.framework; name = CoreGraphics.framework; path = System/Library/Frameworks/CoreGraphics.framework; sourceTree = SDKROOT; };
		22AADFC318F6C168008D78C4 /* UIKit.framework */ = {isa = PBXFileReference; lastKnownFileType = wrapper.framework; name = UIKit.framework; path = System/Library/Frameworks/UIKit.framework; sourceTree = SDKROOT; };
		22AADFC518F6C168008D78C4 /* CoreData.framework */ = {isa = PBXFileReference; lastKnownFileType = wrapper.framework; name = CoreData.framework; path = System/Library/Frameworks/CoreData.framework; sourceTree = SDKROOT; };
		22AADFC918F6C168008D78C4 /* MyStore-Info.plist */ = {isa = PBXFileReference; lastKnownFileType = text.plist.xml; path = "MyStore-Info.plist"; sourceTree = "<group>"; };
		22AADFCB18F6C168008D78C4 /* en */ = {isa = PBXFileReference; lastKnownFileType = text.plist.strings; name = en; path = en.lproj/InfoPlist.strings; sourceTree = "<group>"; };
		22AADFCD18F6C168008D78C4 /* main.m */ = {isa = PBXFileReference; lastKnownFileType = sourcecode.c.objc; path = main.m; sourceTree = "<group>"; };
		22AADFCF18F6C168008D78C4 /* MyStore-Prefix.pch */ = {isa = PBXFileReference; lastKnownFileType = sourcecode.c.h; path = "MyStore-Prefix.pch"; sourceTree = "<group>"; };
		22AADFD018F6C168008D78C4 /* MyStoreAppDelegate.h */ = {isa = PBXFileReference; lastKnownFileType = sourcecode.c.h; path = MyStoreAppDelegate.h; sourceTree = "<group>"; };
		22AADFD118F6C168008D78C4 /* MyStoreAppDelegate.m */ = {isa = PBXFileReference; lastKnownFileType = sourcecode.c.objc; path = MyStoreAppDelegate.m; sourceTree = "<group>"; };
		22AADFD418F6C168008D78C4 /* MyStore.xcdatamodel */ = {isa = PBXFileReference; lastKnownFileType = wrapper.xcdatamodel; path = MyStore.xcdatamodel; sourceTree = "<group>"; };
		22AADFD618F6C168008D78C4 /* Images.xcassets */ = {isa = PBXFileReference; lastKnownFileType = folder.assetcatalog; path = Images.xcassets; sourceTree = "<group>"; };
		22AADFDC18F6C168008D78C4 /* MyStoreTests.xctest */ = {isa = PBXFileReference; explicitFileType = wrapper.cfbundle; includeInIndex = 0; path = MyStoreTests.xctest; sourceTree = BUILT_PRODUCTS_DIR; };
		22AADFDD18F6C168008D78C4 /* XCTest.framework */ = {isa = PBXFileReference; lastKnownFileType = wrapper.framework; name = XCTest.framework; path = Library/Frameworks/XCTest.framework; sourceTree = DEVELOPER_DIR; };
		22AADFE618F6C168008D78C4 /* MyStoreTests-Info.plist */ = {isa = PBXFileReference; lastKnownFileType = text.plist.xml; path = "MyStoreTests-Info.plist"; sourceTree = "<group>"; };
		22AADFE818F6C168008D78C4 /* en */ = {isa = PBXFileReference; lastKnownFileType = text.plist.strings; name = en; path = en.lproj/InfoPlist.strings; sourceTree = "<group>"; };
		22AADFEA18F6C168008D78C4 /* MyStoreTests.m */ = {isa = PBXFileReference; lastKnownFileType = sourcecode.c.objc; path = MyStoreTests.m; sourceTree = "<group>"; };
		22AADFF418F6C349008D78C4 /* Main.storyboard */ = {isa = PBXFileReference; fileEncoding = 4; lastKnownFileType = file.storyboard; path = Main.storyboard; sourceTree = "<group>"; };
		22AADFF918F6E79E008D78C4 /* DeviceTableViewController.h */ = {isa = PBXFileReference; fileEncoding = 4; lastKnownFileType = sourcecode.c.h; path = DeviceTableViewController.h; sourceTree = "<group>"; };
		22AADFFA18F6E79E008D78C4 /* DeviceTableViewController.m */ = {isa = PBXFileReference; fileEncoding = 4; lastKnownFileType = sourcecode.c.objc; path = DeviceTableViewController.m; sourceTree = "<group>"; };
		22AADFFC18F6E9DD008D78C4 /* DeviceDetailViewController.h */ = {isa = PBXFileReference; fileEncoding = 4; lastKnownFileType = sourcecode.c.h; path = DeviceDetailViewController.h; sourceTree = "<group>"; };
		22AADFFD18F6E9DD008D78C4 /* DeviceDetailViewController.m */ = {isa = PBXFileReference; fileEncoding = 4; lastKnownFileType = sourcecode.c.objc; path = DeviceDetailViewController.m; sourceTree = "<group>"; };
/* End PBXFileReference section */

/* Begin PBXFrameworksBuildPhase section */
		22AADFB918F6C168008D78C4 /* Frameworks */ = {
			isa = PBXFrameworksBuildPhase;
			buildActionMask = 2147483647;
			files = (
				22AADFC218F6C168008D78C4 /* CoreGraphics.framework in Frameworks */,
				22AADFC618F6C168008D78C4 /* CoreData.framework in Frameworks */,
				22AADFC418F6C168008D78C4 /* UIKit.framework in Frameworks */,
				22AADFC018F6C168008D78C4 /* Foundation.framework in Frameworks */,
			);
			runOnlyForDeploymentPostprocessing = 0;
		};
		22AADFD918F6C168008D78C4 /* Frameworks */ = {
			isa = PBXFrameworksBuildPhase;
			buildActionMask = 2147483647;
			files = (
				22AADFDE18F6C168008D78C4 /* XCTest.framework in Frameworks */,
				22AADFE118F6C168008D78C4 /* CoreData.framework in Frameworks */,
				22AADFE018F6C168008D78C4 /* UIKit.framework in Frameworks */,
				22AADFDF18F6C168008D78C4 /* Foundation.framework in Frameworks */,
			);
			runOnlyForDeploymentPostprocessing = 0;
		};
/* End PBXFrameworksBuildPhase section */

/* Begin PBXGroup section */
		22AADFB318F6C167008D78C4 = {
			isa = PBXGroup;
			children = (
				22AADFC718F6C168008D78C4 /* MyStore */,
				22AADFE418F6C168008D78C4 /* MyStoreTests */,
				22AADFBE18F6C168008D78C4 /* Frameworks */,
				22AADFBD18F6C168008D78C4 /* Products */,
			);
			sourceTree = "<group>";
		};
		22AADFBD18F6C168008D78C4 /* Products */ = {
			isa = PBXGroup;
			children = (
				22AADFBC18F6C168008D78C4 /* MyStore.app */,
				22AADFDC18F6C168008D78C4 /* MyStoreTests.xctest */,
			);
			name = Products;
			sourceTree = "<group>";
		};
		22AADFBE18F6C168008D78C4 /* Frameworks */ = {
			isa = PBXGroup;
			children = (
				22AADFBF18F6C168008D78C4 /* Foundation.framework */,
				22AADFC118F6C168008D78C4 /* CoreGraphics.framework */,
				22AADFC318F6C168008D78C4 /* UIKit.framework */,
				22AADFC518F6C168008D78C4 /* CoreData.framework */,
				22AADFDD18F6C168008D78C4 /* XCTest.framework */,
			);
			name = Frameworks;
			sourceTree = "<group>";
		};
		22AADFC718F6C168008D78C4 /* MyStore */ = {
			isa = PBXGroup;
			children = (
				22AADFD018F6C168008D78C4 /* MyStoreAppDelegate.h */,
				22AADFD118F6C168008D78C4 /* MyStoreAppDelegate.m */,
				22AADFD618F6C168008D78C4 /* Images.xcassets */,
				22AADFD318F6C168008D78C4 /* MyStore.xcdatamodeld */,
				22AADFF418F6C349008D78C4 /* Main.storyboard */,
				22AADFC818F6C168008D78C4 /* Supporting Files */,
				22AADFF918F6E79E008D78C4 /* DeviceTableViewController.h */,
				22AADFFA18F6E79E008D78C4 /* DeviceTableViewController.m */,
				22AADFFC18F6E9DD008D78C4 /* DeviceDetailViewController.h */,
				22AADFFD18F6E9DD008D78C4 /* DeviceDetailViewController.m */,
			);
			path = MyStore;
			sourceTree = "<group>";
		};
		22AADFC818F6C168008D78C4 /* Supporting Files */ = {
			isa = PBXGroup;
			children = (
				22AADFC918F6C168008D78C4 /* MyStore-Info.plist */,
				22AADFCA18F6C168008D78C4 /* InfoPlist.strings */,
				22AADFCD18F6C168008D78C4 /* main.m */,
				22AADFCF18F6C168008D78C4 /* MyStore-Prefix.pch */,
			);
			name = "Supporting Files";
			sourceTree = "<group>";
		};
		22AADFE418F6C168008D78C4 /* MyStoreTests */ = {
			isa = PBXGroup;
			children = (
				22AADFEA18F6C168008D78C4 /* MyStoreTests.m */,
				22AADFE518F6C168008D78C4 /* Supporting Files */,
			);
			path = MyStoreTests;
			sourceTree = "<group>";
		};
		22AADFE518F6C168008D78C4 /* Supporting Files */ = {
			isa = PBXGroup;
			children = (
				22AADFE618F6C168008D78C4 /* MyStoreTests-Info.plist */,
				22AADFE718F6C168008D78C4 /* InfoPlist.strings */,
			);
			name = "Supporting Files";
			sourceTree = "<group>";
		};
/* End PBXGroup section */

/* Begin PBXNativeTarget section */
		22AADFBB18F6C168008D78C4 /* MyStore */ = {
			isa = PBXNativeTarget;
			buildConfigurationList = 22AADFEE18F6C168008D78C4 /* Build configuration list for PBXNativeTarget "MyStore" */;
			buildPhases = (
				22AADFB818F6C168008D78C4 /* Sources */,
				22AADFB918F6C168008D78C4 /* Frameworks */,
				22AADFBA18F6C168008D78C4 /* Resources */,
			);
			buildRules = (
			);
			dependencies = (
			);
			name = MyStore;
			productName = MyStore;
			productReference = 22AADFBC18F6C168008D78C4 /* MyStore.app */;
			productType = "com.apple.product-type.application";
		};
		22AADFDB18F6C168008D78C4 /* MyStoreTests */ = {
			isa = PBXNativeTarget;
			buildConfigurationList = 22AADFF118F6C168008D78C4 /* Build configuration list for PBXNativeTarget "MyStoreTests" */;
			buildPhases = (
				22AADFD818F6C168008D78C4 /* Sources */,
				22AADFD918F6C168008D78C4 /* Frameworks */,
				22AADFDA18F6C168008D78C4 /* Resources */,
			);
			buildRules = (
			);
			dependencies = (
				22AADFE318F6C168008D78C4 /* PBXTargetDependency */,
			);
			name = MyStoreTests;
			productName = MyStoreTests;
			productReference = 22AADFDC18F6C168008D78C4 /* MyStoreTests.xctest */;
			productType = "com.apple.product-type.bundle.unit-test";
		};
/* End PBXNativeTarget section */

/* Begin PBXProject section */
		22AADFB418F6C167008D78C4 /* Project object */ = {
			isa = PBXProject;
			attributes = {
				CLASSPREFIX = MyStore;
				LastUpgradeCheck = 0510;
				ORGANIZATIONNAME = V2Solutions;
				TargetAttributes = {
					22AADFDB18F6C168008D78C4 = {
						TestTargetID = 22AADFBB18F6C168008D78C4;
					};
				};
			};
			buildConfigurationList = 22AADFB718F6C167008D78C4 /* Build configuration list for PBXProject "MyStore" */;
			compatibilityVersion = "Xcode 3.2";
			developmentRegion = English;
			hasScannedForEncodings = 0;
			knownRegions = (
				en,
			);
			mainGroup = 22AADFB318F6C167008D78C4;
			productRefGroup = 22AADFBD18F6C168008D78C4 /* Products */;
			projectDirPath = "";
			projectRoot = "";
			targets = (
				22AADFBB18F6C168008D78C4 /* MyStore */,
				22AADFDB18F6C168008D78C4 /* MyStoreTests */,
			);
		};
/* End PBXProject section */

/* Begin PBXResourcesBuildPhase section */
		22AADFBA18F6C168008D78C4 /* Resources */ = {
			isa = PBXResourcesBuildPhase;
			buildActionMask = 2147483647;
			files = (
				22AADFF518F6C349008D78C4 /* Main.storyboard in Resources */,
				22AADFCC18F6C168008D78C4 /* InfoPlist.strings in Resources */,
				22AADFD718F6C168008D78C4 /* Images.xcassets in Resources */,
			);
			runOnlyForDeploymentPostprocessing = 0;
		};
		22AADFDA18F6C168008D78C4 /* Resources */ = {
			isa = PBXResourcesBuildPhase;
			buildActionMask = 2147483647;
			files = (
				22AADFE918F6C168008D78C4 /* InfoPlist.strings in Resources */,
			);
			runOnlyForDeploymentPostprocessing = 0;
		};
/* End PBXResourcesBuildPhase section */

/* Begin PBXSourcesBuildPhase section */
		22AADFB818F6C168008D78C4 /* Sources */ = {
			isa = PBXSourcesBuildPhase;
			buildActionMask = 2147483647;
			files = (
				22AADFFB18F6E79E008D78C4 /* DeviceTableViewController.m in Sources */,
				22AADFD218F6C168008D78C4 /* MyStoreAppDelegate.m in Sources */,
				22AADFFE18F6E9DD008D78C4 /* DeviceDetailViewController.m in Sources */,
				22AADFD518F6C168008D78C4 /* MyStore.xcdatamodeld in Sources */,
				22AADFCE18F6C168008D78C4 /* main.m in Sources */,
			);
			runOnlyForDeploymentPostprocessing = 0;
		};
		22AADFD818F6C168008D78C4 /* Sources */ = {
			isa = PBXSourcesBuildPhase;
			buildActionMask = 2147483647;
			files = (
				22AADFEB18F6C168008D78C4 /* MyStoreTests.m in Sources */,
			);
			runOnlyForDeploymentPostprocessing = 0;
		};
/* End PBXSourcesBuildPhase section */

/* Begin PBXTargetDependency section */
		22AADFE318F6C168008D78C4 /* PBXTargetDependency */ = {
			isa = PBXTargetDependency;
			target = 22AADFBB18F6C168008D78C4 /* MyStore */;
			targetProxy = 22AADFE218F6C168008D78C4 /* PBXContainerItemProxy */;
		};
/* End PBXTargetDependency section */

/* Begin PBXVariantGroup section */
		22AADFCA18F6C168008D78C4 /* InfoPlist.strings */ = {
			isa = PBXVariantGroup;
			children = (
				22AADFCB18F6C168008D78C4 /* en */,
			);
			name = InfoPlist.strings;
			sourceTree = "<group>";
		};
		22AADFE718F6C168008D78C4 /* InfoPlist.strings */ = {
			isa = PBXVariantGroup;
			children = (
				22AADFE818F6C168008D78C4 /* en */,
			);
			name = InfoPlist.strings;
			sourceTree = "<group>";
		};
/* End PBXVariantGroup section */

/* Begin XCBuildConfiguration section */
		22AADFEC18F6C168008D78C4 /* Debug */ = {
			isa = XCBuildConfiguration;
			buildSettings = {
				ALWAYS_SEARCH_USER_PATHS = NO;
				CLANG_CXX_LANGUAGE_STANDARD = "gnu++0x";
				CLANG_CXX_LIBRARY = "libc++";
				CLANG_ENABLE_MODULES = YES;
				CLANG_ENABLE_OBJC_ARC = YES;
				CLANG_WARN_BOOL_CONVERSION = YES;
				CLANG_WARN_CONSTANT_CONVERSION = YES;
				CLANG_WARN_DIRECT_OBJC_ISA_USAGE = YES_ERROR;
				CLANG_WARN_EMPTY_BODY = YES;
				CLANG_WARN_ENUM_CONVERSION = YES;
				CLANG_WARN_INT_CONVERSION = YES;
				CLANG_WARN_OBJC_ROOT_CLASS = YES_ERROR;
				CLANG_WARN__DUPLICATE_METHOD_MATCH = YES;
				"CODE_SIGN_IDENTITY[sdk=iphoneos*]" = "iPhone Developer";
				COPY_PHASE_STRIP = NO;
				GCC_C_LANGUAGE_STANDARD = gnu99;
				GCC_DYNAMIC_NO_PIC = NO;
				GCC_OPTIMIZATION_LEVEL = 0;
				GCC_PREPROCESSOR_DEFINITIONS = (
					"DEBUG=1",
					"$(inherited)",
				);
				GCC_SYMBOLS_PRIVATE_EXTERN = NO;
				GCC_WARN_64_TO_32_BIT_CONVERSION = YES;
				GCC_WARN_ABOUT_RETURN_TYPE = YES_ERROR;
				GCC_WARN_UNDECLARED_SELECTOR = YES;
				GCC_WARN_UNINITIALIZED_AUTOS = YES_AGGRESSIVE;
				GCC_WARN_UNUSED_FUNCTION = YES;
				GCC_WARN_UNUSED_VARIABLE = YES;
				IPHONEOS_DEPLOYMENT_TARGET = 7.1;
				ONLY_ACTIVE_ARCH = YES;
				SDKROOT = iphoneos;
			};
			name = Debug;
		};
		22AADFED18F6C168008D78C4 /* Release */ = {
			isa = XCBuildConfiguration;
			buildSettings = {
				ALWAYS_SEARCH_USER_PATHS = NO;
				CLANG_CXX_LANGUAGE_STANDARD = "gnu++0x";
				CLANG_CXX_LIBRARY = "libc++";
				CLANG_ENABLE_MODULES = YES;
				CLANG_ENABLE_OBJC_ARC = YES;
				CLANG_WARN_BOOL_CONVERSION = YES;
				CLANG_WARN_CONSTANT_CONVERSION = YES;
				CLANG_WARN_DIRECT_OBJC_ISA_USAGE = YES_ERROR;
				CLANG_WARN_EMPTY_BODY = YES;
				CLANG_WARN_ENUM_CONVERSION = YES;
				CLANG_WARN_INT_CONVERSION = YES;
				CLANG_WARN_OBJC_ROOT_CLASS = YES_ERROR;
				CLANG_WARN__DUPLICATE_METHOD_MATCH = YES;
				"CODE_SIGN_IDENTITY[sdk=iphoneos*]" = "iPhone Developer";
				COPY_PHASE_STRIP = YES;
				ENABLE_NS_ASSERTIONS = NO;
				GCC_C_LANGUAGE_STANDARD = gnu99;
				GCC_WARN_64_TO_32_BIT_CONVERSION = YES;
				GCC_WARN_ABOUT_RETURN_TYPE = YES_ERROR;
				GCC_WARN_UNDECLARED_SELECTOR = YES;
				GCC_WARN_UNINITIALIZED_AUTOS = YES_AGGRESSIVE;
				GCC_WARN_UNUSED_FUNCTION = YES;
				GCC_WARN_UNUSED_VARIABLE = YES;
				IPHONEOS_DEPLOYMENT_TARGET = 7.1;
				SDKROOT = iphoneos;
				VALIDATE_PRODUCT = YES;
			};
			name = Release;
		};
		22AADFEF18F6C168008D78C4 /* Debug */ = {
			isa = XCBuildConfiguration;
			buildSettings = {
				ASSETCATALOG_COMPILER_APPICON_NAME = AppIcon;
				ASSETCATALOG_COMPILER_LAUNCHIMAGE_NAME = LaunchImage;
				CODE_SIGN_IDENTITY = "iPhone Developer";
				GCC_PRECOMPILE_PREFIX_HEADER = YES;
				GCC_PREFIX_HEADER = "MyStore/MyStore-Prefix.pch";
				INFOPLIST_FILE = "MyStore/MyStore-Info.plist";
				PRODUCT_NAME = "$(TARGET_NAME)";
				WRAPPER_EXTENSION = app;
			};
			name = Debug;
		};
		22AADFF018F6C168008D78C4 /* Release */ = {
			isa = XCBuildConfiguration;
			buildSettings = {
				ASSETCATALOG_COMPILER_APPICON_NAME = AppIcon;
				ASSETCATALOG_COMPILER_LAUNCHIMAGE_NAME = LaunchImage;
				CODE_SIGN_IDENTITY = "iPhone Developer";
				GCC_PRECOMPILE_PREFIX_HEADER = YES;
				GCC_PREFIX_HEADER = "MyStore/MyStore-Prefix.pch";
				INFOPLIST_FILE = "MyStore/MyStore-Info.plist";
				PRODUCT_NAME = "$(TARGET_NAME)";
				WRAPPER_EXTENSION = app;
			};
			name = Release;
		};
		22AADFF218F6C168008D78C4 /* Debug */ = {
			isa = XCBuildConfiguration;
			buildSettings = {
				BUNDLE_LOADER = "$(BUILT_PRODUCTS_DIR)/MyStore.app/MyStore";
				FRAMEWORK_SEARCH_PATHS = (
					"$(SDKROOT)/Developer/Library/Frameworks",
					"$(inherited)",
					"$(DEVELOPER_FRAMEWORKS_DIR)",
				);
				GCC_PRECOMPILE_PREFIX_HEADER = YES;
				GCC_PREFIX_HEADER = "MyStore/MyStore-Prefix.pch";
				GCC_PREPROCESSOR_DEFINITIONS = (
					"DEBUG=1",
					"$(inherited)",
				);
				INFOPLIST_FILE = "MyStoreTests/MyStoreTests-Info.plist";
				PRODUCT_NAME = "$(TARGET_NAME)";
				TEST_HOST = "$(BUNDLE_LOADER)";
				WRAPPER_EXTENSION = xctest;
			};
			name = Debug;
		};
		22AADFF318F6C168008D78C4 /* Release */ = {
			isa = XCBuildConfiguration;
			buildSettings = {
				BUNDLE_LOADER = "$(BUILT_PRODUCTS_DIR)/MyStore.app/MyStore";
				FRAMEWORK_SEARCH_PATHS = (
					"$(SDKROOT)/Developer/Library/Frameworks",
					"$(inherited)",
					"$(DEVELOPER_FRAMEWORKS_DIR)",
				);
				GCC_PRECOMPILE_PREFIX_HEADER = YES;
				GCC_PREFIX_HEADER = "MyStore/MyStore-Prefix.pch";
				INFOPLIST_FILE = "MyStoreTests/MyStoreTests-Info.plist";
				PRODUCT_NAME = "$(TARGET_NAME)";
				TEST_HOST = "$(BUNDLE_LOADER)";
				WRAPPER_EXTENSION = xctest;
			};
			name = Release;
		};
/* End XCBuildConfiguration section */

/* Begin XCConfigurationList section */
		22AADFB718F6C167008D78C4 /* Build configuration list for PBXProject "MyStore" */ = {
			isa = XCConfigurationList;
			buildConfigurations = (
				22AADFEC18F6C168008D78C4 /* Debug */,
				22AADFED18F6C168008D78C4 /* Release */,
			);
			defaultConfigurationIsVisible = 0;
			defaultConfigurationName = Release;
		};
		22AADFEE18F6C168008D78C4 /* Build configuration list for PBXNativeTarget "MyStore" */ = {
			isa = XCConfigurationList;
			buildConfigurations = (
				22AADFEF18F6C168008D78C4 /* Debug */,
				22AADFF018F6C168008D78C4 /* Release */,
			);
			defaultConfigurationIsVisible = 0;
			defaultConfigurationName = Release;
		};
		22AADFF118F6C168008D78C4 /* Build configuration list for PBXNativeTarget "MyStoreTests" */ = {
			isa = XCConfigurationList;
			buildConfigurations = (
				22AADFF218F6C168008D78C4 /* Debug */,
				22AADFF318F6C168008D78C4 /* Release */,
			);
			defaultConfigurationIsVisible = 0;
			defaultConfigurationName = Release;
		};
/* End XCConfigurationList section */

/* Begin XCVersionGroup section */
		22AADFD318F6C168008D78C4 /* MyStore.xcdatamodeld */ = {
			isa = XCVersionGroup;
			children = (
				22AADFD418F6C168008D78C4 /* MyStore.xcdatamodel */,
			);
			currentVersion = 22AADFD418F6C168008D78C4 /* MyStore.xcdatamodel */;
			path = MyStore.xcdatamodeld;
			sourceTree = "<group>";
			versionGroupType = wrapper.xcdatamodel;
		};
/* End XCVersionGroup section */
	};
	rootObject = 22AADFB418F6C167008D78C4 /* Project object */;
}
